{
    "_readme": [
        "This file locks the dependencies of your project to a known state",
        "Read more about it at https://getcomposer.org/doc/01-basic-usage.md#composer-lock-the-lock-file",
        "This file is @generated automatically"
    ],
    "content-hash": "55170607b348c6056993510b97e295e5",
    "packages": [
        {
            "name": "composer/installers",
            "version": "v1.5.0",
            "source": {
                "type": "git",
                "url": "https://github.com/composer/installers.git",
                "reference": "049797d727261bf27f2690430d935067710049c2"
            },
            "dist": {
                "type": "zip",
                "url": "https://api.github.com/repos/composer/installers/zipball/049797d727261bf27f2690430d935067710049c2",
                "reference": "049797d727261bf27f2690430d935067710049c2",
                "shasum": ""
            },
            "require": {
                "composer-plugin-api": "^1.0"
            },
            "replace": {
                "roundcube/plugin-installer": "*",
                "shama/baton": "*"
            },
            "require-dev": {
                "composer/composer": "1.0.*@dev",
                "phpunit/phpunit": "^4.8.36"
            },
            "type": "composer-plugin",
            "extra": {
                "class": "Composer\\Installers\\Plugin",
                "branch-alias": {
                    "dev-master": "1.0-dev"
                }
            },
            "autoload": {
                "psr-4": {
                    "Composer\\Installers\\": "src/Composer/Installers"
                }
            },
            "notification-url": "https://packagist.org/downloads/",
            "license": [
                "MIT"
            ],
            "authors": [
                {
                    "name": "Kyle Robinson Young",
                    "email": "kyle@dontkry.com",
                    "homepage": "https://github.com/shama"
                }
            ],
            "description": "A multi-framework Composer library installer",
            "homepage": "https://composer.github.io/installers/",
            "keywords": [
                "Craft",
                "Dolibarr",
                "Eliasis",
                "Hurad",
                "ImageCMS",
                "Kanboard",
                "Lan Management System",
                "MODX Evo",
                "Mautic",
                "Maya",
                "OXID",
                "Plentymarkets",
                "Porto",
                "RadPHP",
                "SMF",
                "Thelia",
                "WolfCMS",
                "agl",
                "aimeos",
                "annotatecms",
                "attogram",
                "bitrix",
                "cakephp",
                "chef",
                "cockpit",
                "codeigniter",
                "concrete5",
                "croogo",
                "dokuwiki",
                "drupal",
                "eZ Platform",
                "elgg",
                "expressionengine",
                "fuelphp",
                "grav",
                "installer",
                "itop",
                "joomla",
                "kohana",
                "laravel",
                "lavalite",
                "lithium",
                "magento",
                "majima",
                "mako",
                "mediawiki",
                "modulework",
                "modx",
                "moodle",
                "osclass",
                "phpbb",
                "piwik",
                "ppi",
                "puppet",
                "pxcms",
                "reindex",
                "roundcube",
                "shopware",
                "silverstripe",
                "sydes",
                "symfony",
                "typo3",
                "wordpress",
                "yawik",
                "zend",
                "zikula"
            ],
            "time": "2017-12-29T09:13:20+00:00"
        },
        {
            "name": "drupal/admin_toolbar",
            "version": "1.23.0",
            "source": {
                "type": "git",
                "url": "https://git.drupal.org/project/admin_toolbar",
                "reference": "8.x-1.23"
            },
            "dist": {
                "type": "zip",
                "url": "https://ftp.drupal.org/files/projects/admin_toolbar-8.x-1.23.zip",
                "reference": "8.x-1.23",
                "shasum": "46d7ed18a9154c35e765ae43ce43aa292c025d65"
            },
            "require": {
                "drupal/core": "*"
            },
            "type": "drupal-module",
            "extra": {
                "branch-alias": {
                    "dev-1.x": "1.x-dev"
                },
                "drupal": {
                    "version": "8.x-1.23",
                    "datestamp": "1517936581",
                    "security-coverage": {
                        "status": "covered",
                        "message": "Covered by Drupal's security advisory policy"
                    }
                }
            },
            "notification-url": "https://packages.drupal.org/8/downloads",
            "license": [
                "GPL-2.0+"
            ],
            "authors": [
                {
                    "name": "Mohamed Anis Taktak",
                    "homepage": "https://www.drupal.org/u/matio89"
                },
                {
                    "name": "adriancid",
                    "homepage": "https://www.drupal.org/user/1962106"
                },
                {
                    "name": "bolbol",
                    "homepage": "https://www.drupal.org/user/3400070"
                },
                {
                    "name": "eme",
                    "homepage": "https://www.drupal.org/user/542492"
                },
                {
                    "name": "fethi.krout",
                    "homepage": "https://www.drupal.org/user/3206765"
                },
                {
                    "name": "matio89",
                    "homepage": "https://www.drupal.org/user/2320090"
                },
                {
                    "name": "romainj",
                    "homepage": "https://www.drupal.org/user/370706"
                }
            ],
            "description": "Admin Toolbar improve the default Drupal Toolbar, it lets the hover of sub menus.",
            "homepage": "http://drupal.org/project/admin_toolbar",
            "support": {
                "source": "http://cgit.drupalcode.org/admin_toolbar",
                "issues": "https://www.drupal.org/project/issues/admin_toolbar"
            }
        },
        {
            "name": "drupal/config_update",
            "version": "1.5.0",
            "source": {
                "type": "git",
                "url": "https://git.drupal.org/project/config_update",
                "reference": "8.x-1.5"
            },
            "dist": {
                "type": "zip",
                "url": "https://ftp.drupal.org/files/projects/config_update-8.x-1.5.zip",
                "reference": "8.x-1.5",
                "shasum": "2f7ae5f90b1c0ab8edf84680d2651e81fab6a126"
            },
            "require": {
                "drupal/core": "*"
            },
            "type": "drupal-module",
            "extra": {
                "branch-alias": {
                    "dev-1.x": "1.x-dev"
                },
                "drupal": {
                    "version": "8.x-1.5",
                    "datestamp": "1512587912",
                    "security-coverage": {
                        "status": "covered",
                        "message": "Covered by Drupal's security advisory policy"
                    }
                }
            },
            "notification-url": "https://packages.drupal.org/8/downloads",
            "license": [
                "GPL-2.0-or-later"
            ],
            "authors": [
                {
                    "name": "jhodgdon",
                    "homepage": "https://www.drupal.org/user/155601"
                },
                {
                    "name": "nedjo",
                    "homepage": "https://www.drupal.org/user/4481"
                }
            ],
            "description": "Provides basic revert and update functionality for other modules",
            "homepage": "https://www.drupal.org/project/config_update",
            "support": {
                "source": "http://cgit.drupalcode.org/config_update"
            }
        },
        {
            "name": "drupal/devel",
            "version": "1.2.0",
            "source": {
                "type": "git",
                "url": "https://git.drupal.org/project/devel",
                "reference": "8.x-1.2"
            },
            "dist": {
                "type": "zip",
                "url": "https://ftp.drupal.org/files/projects/devel-8.x-1.2.zip",
                "reference": "8.x-1.2",
                "shasum": "01f3349ef75f6e21fceef24be9d3d6506ca29647"
            },
            "require": {
                "drupal/core": "~8.0"
            },
            "suggest": {
                "symfony/var-dumper": "Pretty print complex values better with var-dumper available"
            },
            "type": "drupal-module",
            "extra": {
                "branch-alias": {
                    "dev-1.x": "1.x-dev"
                },
                "drupal": {
                    "version": "8.x-1.2",
                    "datestamp": "1507197844",
                    "security-coverage": {
                        "status": "covered",
                        "message": "Covered by Drupal's security advisory policy"
                    }
                }
            },
            "notification-url": "https://packages.drupal.org/8/downloads",
            "license": [
                "GPL-2.0+"
            ],
            "authors": [
                {
                    "name": "Moshe Weitzman",
                    "homepage": "https://github.com/weitzman",
                    "email": "weitzman@tejasa.com",
                    "role": "Maintainer"
                },
                {
                    "name": "Hans Salvisberg",
                    "homepage": "https://www.drupal.org/u/salvis",
                    "email": "drupal@salvisberg.com",
                    "role": "Maintainer"
                },
                {
                    "name": "Luca Lusso",
                    "homepage": "https://www.drupal.org/u/lussoluca",
                    "role": "Maintainer"
                },
                {
                    "name": "Marco (willzyx)",
                    "homepage": "https://www.drupal.org/u/willzyx",
                    "role": "Maintainer"
                },
                {
                    "name": "See contributors",
                    "homepage": "https://www.drupal.org/node/3236/committers"
                },
                {
                    "name": "salvis",
                    "homepage": "https://www.drupal.org/user/82964"
                },
                {
                    "name": "willzyx",
                    "homepage": "https://www.drupal.org/user/1043862"
                }
            ],
            "description": "Various blocks, pages, and functions for developers.",
            "homepage": "http://drupal.org/project/devel",
            "support": {
                "source": "http://cgit.drupalcode.org/devel",
                "issues": "http://drupal.org/project/devel",
                "irc": "irc://irc.freenode.org/drupal-contribute"
            }
        },
        {
            "name": "drupal/entity_reference_revisions",
            "version": "1.4.0",
            "source": {
                "type": "git",
                "url": "https://git.drupal.org/project/entity_reference_revisions",
                "reference": "8.x-1.4"
            },
            "dist": {
                "type": "zip",
                "url": "https://ftp.drupal.org/files/projects/entity_reference_revisions-8.x-1.4.zip",
                "reference": "8.x-1.4",
                "shasum": "0d5e159ab52fe8e5aa7c27e7ccfc0299e1af4d72"
            },
            "require": {
                "drupal/core": "~8.0"
            },
            "require-dev": {
                "drupal/diff": "*"
            },
            "type": "drupal-module",
            "extra": {
                "branch-alias": {
                    "dev-1.x": "1.x-dev"
                },
                "drupal": {
                    "version": "8.x-1.4",
                    "datestamp": "1515143885",
                    "security-coverage": {
                        "status": "covered",
                        "message": "Covered by Drupal's security advisory policy"
                    }
                }
            },
            "notification-url": "https://packages.drupal.org/8/downloads",
            "license": [
                "GPL-2.0-or-later"
            ],
            "authors": [
                {
                    "name": "Frans",
                    "homepage": "https://www.drupal.org/user/514222"
                },
                {
                    "name": "jeroen.b",
                    "homepage": "https://www.drupal.org/user/1853532"
                },
                {
                    "name": "miro_dietiker",
                    "homepage": "https://www.drupal.org/user/227761"
                }
            ],
            "description": "Adds a Entity Reference field type with revision support.",
            "homepage": "https://www.drupal.org/project/entity_reference_revisions",
            "support": {
                "source": "http://cgit.drupalcode.org/entity_reference_revisions"
            }
        },
        {
            "name": "drupal/features",
            "version": "3.6.0",
            "source": {
                "type": "git",
                "url": "https://git.drupal.org/project/features",
                "reference": "8.x-3.6"
            },
            "dist": {
                "type": "zip",
                "url": "https://ftp.drupal.org/files/projects/features-8.x-3.6.zip",
                "reference": "8.x-3.6",
                "shasum": "60cc067ca5c8272110fd418607bddba9232161c0"
            },
            "require": {
                "drupal/config_update": "^1.4",
                "drupal/core": "*"
            },
            "type": "drupal-module",
            "extra": {
                "branch-alias": {
                    "dev-3.x": "3.x-dev"
                },
                "drupal": {
                    "version": "8.x-3.6",
                    "datestamp": "1519703584",
                    "security-coverage": {
                        "status": "covered",
                        "message": "Covered by Drupal's security advisory policy"
                    }
                }
            },
            "notification-url": "https://packages.drupal.org/8/downloads",
            "license": [
                "GPL-2.0+"
            ],
            "authors": [
                {
                    "name": "dawehner",
                    "homepage": "https://www.drupal.org/user/99340"
                },
                {
                    "name": "e2thex",
                    "homepage": "https://www.drupal.org/user/189123"
                },
                {
                    "name": "febbraro",
                    "homepage": "https://www.drupal.org/user/43670"
                },
                {
                    "name": "jmiccolis",
                    "homepage": "https://www.drupal.org/user/31731"
                },
                {
                    "name": "mpotter",
                    "homepage": "https://www.drupal.org/user/616192"
                },
                {
                    "name": "nedjo",
                    "homepage": "https://www.drupal.org/user/4481"
                },
                {
                    "name": "tim.plunkett",
                    "homepage": "https://www.drupal.org/user/241634"
                }
            ],
            "description": "Enables administrators to package configuration into modules",
            "homepage": "https://www.drupal.org/project/features",
            "support": {
                "source": "http://cgit.drupalcode.org/features"
            }
        },
        {
            "name": "drupal/module_filter",
            "version": "3.1.0",
            "source": {
                "type": "git",
                "url": "https://git.drupal.org/project/module_filter",
                "reference": "8.x-3.1"
            },
            "dist": {
                "type": "zip",
                "url": "https://ftp.drupal.org/files/projects/module_filter-8.x-3.1.zip",
                "reference": "8.x-3.1",
                "shasum": "39d627ce60280ae54bcf9beae217b85cce1969e4"
            },
            "require": {
                "drupal/core": "~8.0"
            },
            "type": "drupal-module",
            "extra": {
                "branch-alias": {
                    "dev-3.x": "3.x-dev"
                },
                "drupal": {
                    "version": "8.x-3.1",
                    "datestamp": "1507650844",
                    "security-coverage": {
                        "status": "covered",
                        "message": "Covered by Drupal's security advisory policy"
                    }
                }
            },
            "notification-url": "https://packages.drupal.org/8/downloads",
            "license": [
                "GPL-2.0-or-later"
            ],
            "authors": [
                {
                    "name": "greenSkin",
                    "homepage": "https://www.drupal.org/user/173855"
                },
                {
                    "name": "realityloop",
                    "homepage": "https://www.drupal.org/user/139189"
                },
                {
                    "name": "shumushin",
                    "homepage": "https://www.drupal.org/user/22093"
                }
            ],
            "description": "Filter the modules list.",
            "homepage": "https://www.drupal.org/project/module_filter",
            "support": {
                "source": "http://cgit.drupalcode.org/module_filter"
            }
        },
        {
            "name": "drupal/paragraphs",
            "version": "1.2.0",
            "source": {
                "type": "git",
                "url": "https://git.drupal.org/project/paragraphs",
                "reference": "8.x-1.2"
            },
            "dist": {
                "type": "zip",
                "url": "https://ftp.drupal.org/files/projects/paragraphs-8.x-1.2.zip",
                "reference": "8.x-1.2",
                "shasum": "6efc9d4351d4b21a55e7a6428c78495aaca662ef"
            },
            "require": {
                "drupal/core": "~8",
                "drupal/entity_reference_revisions": "~1.3"
            },
            "require-dev": {
                "drupal/block_field": "~1.0",
                "drupal/diff": "~1.0",
                "drupal/field_group": "~1.0",
                "drupal/inline_entity_form": "~1.0",
                "drupal/replicate": "~1.0",
                "drupal/search_api": "*",
                "drupal/search_api_db": "*"
            },
            "type": "drupal-module",
            "extra": {
                "branch-alias": {
                    "dev-1.x": "1.x-dev"
                },
                "drupal": {
                    "version": "8.x-1.2",
                    "datestamp": "1505802867",
                    "security-coverage": {
                        "status": "covered",
                        "message": "Covered by Drupal's security advisory policy"
                    }
                }
            },
            "notification-url": "https://packages.drupal.org/8/downloads",
            "license": [
                "GPL-2.0"
            ],
            "authors": [
                {
                    "name": "Berdir",
                    "homepage": "https://www.drupal.org/user/214652"
                },
                {
                    "name": "Frans",
                    "homepage": "https://www.drupal.org/user/514222"
                },
                {
                    "name": "Primsi",
                    "homepage": "https://www.drupal.org/user/282629"
                },
                {
                    "name": "jeroen.b",
                    "homepage": "https://www.drupal.org/user/1853532"
                },
                {
                    "name": "miro_dietiker",
                    "homepage": "https://www.drupal.org/user/227761"
                }
            ],
            "description": "Enables the creation of Paragraphs entities.",
            "homepage": "https://www.drupal.org/project/paragraphs",
            "support": {
                "source": "http://cgit.drupalcode.org/paragraphs"
            }
        },
        {
            "name": "wikimedia/composer-merge-plugin",
            "version": "v1.4.1",
            "source": {
                "type": "git",
                "url": "https://github.com/wikimedia/composer-merge-plugin.git",
                "reference": "81c6ac72a24a67383419c7eb9aa2b3437f2ab100"
            },
            "dist": {
                "type": "zip",
                "url": "https://api.github.com/repos/wikimedia/composer-merge-plugin/zipball/81c6ac72a24a67383419c7eb9aa2b3437f2ab100",
                "reference": "81c6ac72a24a67383419c7eb9aa2b3437f2ab100",
                "shasum": ""
            },
            "require": {
                "composer-plugin-api": "^1.0",
                "php": ">=5.3.2"
            },
            "require-dev": {
                "composer/composer": "~1.0.0",
                "jakub-onderka/php-parallel-lint": "~0.8",
                "phpunit/phpunit": "~4.8|~5.0",
                "squizlabs/php_codesniffer": "~2.1.0"
            },
            "type": "composer-plugin",
            "extra": {
                "branch-alias": {
                    "dev-master": "1.3.x-dev"
                },
                "class": "Wikimedia\\Composer\\MergePlugin"
            },
            "autoload": {
                "psr-4": {
                    "Wikimedia\\Composer\\": "src/"
                }
            },
            "notification-url": "https://packagist.org/downloads/",
            "license": [
                "MIT"
            ],
            "authors": [
                {
                    "name": "Bryan Davis",
                    "email": "bd808@wikimedia.org"
                }
            ],
            "description": "Composer plugin to merge multiple composer.json files",
            "time": "2017-04-25T02:31:25+00:00"
        }
    ],
    "packages-dev": [],
    "aliases": [],
    "minimum-stability": "dev",
    "stability-flags": [],
    "prefer-stable": true,
    "prefer-lowest": false,
    "platform": [],
    "platform-dev": []
}
